// !$*UTF8*$!
{
	archiveVersion = 1;
	classes = {
	};
	objectVersion = 50;
	objects = {

/* Begin PBXBuildFile section */
		94433DF1234FAA1E009C67B8 /* AppDelegate.swift in Sources */ = {isa = PBXBuildFile; fileRef = 94433DF0234FAA1E009C67B8 /* AppDelegate.swift */; };
		94433DF3234FAA1E009C67B8 /* SceneDelegate.swift in Sources */ = {isa = PBXBuildFile; fileRef = 94433DF2234FAA1E009C67B8 /* SceneDelegate.swift */; };
		94433DF5234FAA1E009C67B8 /* ViewController.swift in Sources */ = {isa = PBXBuildFile; fileRef = 94433DF4234FAA1E009C67B8 /* ViewController.swift */; };
		94433DF8234FAA1E009C67B8 /* Main.storyboard in Resources */ = {isa = PBXBuildFile; fileRef = 94433DF6234FAA1E009C67B8 /* Main.storyboard */; };
		94433DFB234FAA1E009C67B8 /* Trivia_App.xcdatamodeld in Sources */ = {isa = PBXBuildFile; fileRef = 94433DF9234FAA1E009C67B8 /* Trivia_App.xcdatamodeld */; };
		94433DFD234FAA22009C67B8 /* Assets.xcassets in Resources */ = {isa = PBXBuildFile; fileRef = 94433DFC234FAA22009C67B8 /* Assets.xcassets */; };
		94433E00234FAA22009C67B8 /* LaunchScreen.storyboard in Resources */ = {isa = PBXBuildFile; fileRef = 94433DFE234FAA22009C67B8 /* LaunchScreen.storyboard */; };
		94433E0B234FAA23009C67B8 /* Trivia_AppTests.swift in Sources */ = {isa = PBXBuildFile; fileRef = 94433E0A234FAA23009C67B8 /* Trivia_AppTests.swift */; };
		94433E16234FAA23009C67B8 /* Trivia_AppUITests.swift in Sources */ = {isa = PBXBuildFile; fileRef = 94433E15234FAA23009C67B8 /* Trivia_AppUITests.swift */; };
		94433E28234FADD0009C67B8 /* Question.swift in Sources */ = {isa = PBXBuildFile; fileRef = 94433E27234FADD0009C67B8 /* Question.swift */; };
		94433E2A234FADE8009C67B8 /* Game.swift in Sources */ = {isa = PBXBuildFile; fileRef = 94433E29234FADE8009C67B8 /* Game.swift */; };
		94433E2C234FAF16009C67B8 /* QandA.swift in Sources */ = {isa = PBXBuildFile; fileRef = 94433E2B234FAF16009C67B8 /* QandA.swift */; };
		94433E2E234FAF22009C67B8 /* SummaryViewController.swift in Sources */ = {isa = PBXBuildFile; fileRef = 94433E2D234FAF22009C67B8 /* SummaryViewController.swift */; };
		94433E30234FAF2E009C67B8 /* HistoryViewController.swift in Sources */ = {isa = PBXBuildFile; fileRef = 94433E2F234FAF2E009C67B8 /* HistoryViewController.swift */; };
		94433E3B234FB04B009C67B8 /* User+CoreDataClass.swift in Sources */ = {isa = PBXBuildFile; fileRef = 94433E39234FB04B009C67B8 /* User+CoreDataClass.swift */; };
		94433E3C234FB04B009C67B8 /* User+CoreDataProperties.swift in Sources */ = {isa = PBXBuildFile; fileRef = 94433E3A234FB04B009C67B8 /* User+CoreDataProperties.swift */; };
		94433E3E23501C94009C67B8 /* HistoryTableViewCell.swift in Sources */ = {isa = PBXBuildFile; fileRef = 94433E3D23501C94009C67B8 /* HistoryTableViewCell.swift */; };
/* End PBXBuildFile section */

/* Begin PBXContainerItemProxy section */
		94433E07234FAA23009C67B8 /* PBXContainerItemProxy */ = {
			isa = PBXContainerItemProxy;
			containerPortal = 94433DE5234FAA1E009C67B8 /* Project object */;
			proxyType = 1;
			remoteGlobalIDString = 94433DEC234FAA1E009C67B8;
			remoteInfo = "Trivia App";
		};
		94433E12234FAA23009C67B8 /* PBXContainerItemProxy */ = {
			isa = PBXContainerItemProxy;
			containerPortal = 94433DE5234FAA1E009C67B8 /* Project object */;
			proxyType = 1;
			remoteGlobalIDString = 94433DEC234FAA1E009C67B8;
			remoteInfo = "Trivia App";
		};
/* End PBXContainerItemProxy section */

/* Begin PBXFileReference section */
		94433DED234FAA1E009C67B8 /* Trivia App.app */ = {isa = PBXFileReference; explicitFileType = wrapper.application; includeInIndex = 0; path = "Trivia App.app"; sourceTree = BUILT_PRODUCTS_DIR; };
		94433DF0234FAA1E009C67B8 /* AppDelegate.swift */ = {isa = PBXFileReference; lastKnownFileType = sourcecode.swift; path = AppDelegate.swift; sourceTree = "<group>"; };
		94433DF2234FAA1E009C67B8 /* SceneDelegate.swift */ = {isa = PBXFileReference; lastKnownFileType = sourcecode.swift; path = SceneDelegate.swift; sourceTree = "<group>"; };
		94433DF4234FAA1E009C67B8 /* ViewController.swift */ = {isa = PBXFileReference; lastKnownFileType = sourcecode.swift; path = ViewController.swift; sourceTree = "<group>"; };
		94433DF7234FAA1E009C67B8 /* Base */ = {isa = PBXFileReference; lastKnownFileType = file.storyboard; name = Base; path = Base.lproj/Main.storyboard; sourceTree = "<group>"; };
		94433DFA234FAA1E009C67B8 /* Trivia_App.xcdatamodel */ = {isa = PBXFileReference; lastKnownFileType = wrapper.xcdatamodel; path = Trivia_App.xcdatamodel; sourceTree = "<group>"; };
		94433DFC234FAA22009C67B8 /* Assets.xcassets */ = {isa = PBXFileReference; lastKnownFileType = folder.assetcatalog; path = Assets.xcassets; sourceTree = "<group>"; };
		94433DFF234FAA22009C67B8 /* Base */ = {isa = PBXFileReference; lastKnownFileType = file.storyboard; name = Base; path = Base.lproj/LaunchScreen.storyboard; sourceTree = "<group>"; };
		94433E01234FAA22009C67B8 /* Info.plist */ = {isa = PBXFileReference; lastKnownFileType = text.plist.xml; path = Info.plist; sourceTree = "<group>"; };
		94433E06234FAA23009C67B8 /* Trivia AppTests.xctest */ = {isa = PBXFileReference; explicitFileType = wrapper.cfbundle; includeInIndex = 0; path = "Trivia AppTests.xctest"; sourceTree = BUILT_PRODUCTS_DIR; };
		94433E0A234FAA23009C67B8 /* Trivia_AppTests.swift */ = {isa = PBXFileReference; lastKnownFileType = sourcecode.swift; path = Trivia_AppTests.swift; sourceTree = "<group>"; };
		94433E0C234FAA23009C67B8 /* Info.plist */ = {isa = PBXFileReference; lastKnownFileType = text.plist.xml; path = Info.plist; sourceTree = "<group>"; };
		94433E11234FAA23009C67B8 /* Trivia AppUITests.xctest */ = {isa = PBXFileReference; explicitFileType = wrapper.cfbundle; includeInIndex = 0; path = "Trivia AppUITests.xctest"; sourceTree = BUILT_PRODUCTS_DIR; };
		94433E15234FAA23009C67B8 /* Trivia_AppUITests.swift */ = {isa = PBXFileReference; lastKnownFileType = sourcecode.swift; path = Trivia_AppUITests.swift; sourceTree = "<group>"; };
		94433E17234FAA23009C67B8 /* Info.plist */ = {isa = PBXFileReference; lastKnownFileType = text.plist.xml; path = Info.plist; sourceTree = "<group>"; };
		94433E27234FADD0009C67B8 /* Question.swift */ = {isa = PBXFileReference; lastKnownFileType = sourcecode.swift; path = Question.swift; sourceTree = "<group>"; };
		94433E29234FADE8009C67B8 /* Game.swift */ = {isa = PBXFileReference; lastKnownFileType = sourcecode.swift; path = Game.swift; sourceTree = "<group>"; };
		94433E2B234FAF16009C67B8 /* QandA.swift */ = {isa = PBXFileReference; lastKnownFileType = sourcecode.swift; path = QandA.swift; sourceTree = "<group>"; };
		94433E2D234FAF22009C67B8 /* SummaryViewController.swift */ = {isa = PBXFileReference; lastKnownFileType = sourcecode.swift; path = SummaryViewController.swift; sourceTree = "<group>"; };
		94433E2F234FAF2E009C67B8 /* HistoryViewController.swift */ = {isa = PBXFileReference; lastKnownFileType = sourcecode.swift; path = HistoryViewController.swift; sourceTree = "<group>"; };
		94433E39234FB04B009C67B8 /* User+CoreDataClass.swift */ = {isa = PBXFileReference; lastKnownFileType = sourcecode.swift; path = "User+CoreDataClass.swift"; sourceTree = SOURCE_ROOT; };
		94433E3A234FB04B009C67B8 /* User+CoreDataProperties.swift */ = {isa = PBXFileReference; lastKnownFileType = sourcecode.swift; path = "User+CoreDataProperties.swift"; sourceTree = SOURCE_ROOT; };
		94433E3D23501C94009C67B8 /* HistoryTableViewCell.swift */ = {isa = PBXFileReference; lastKnownFileType = sourcecode.swift; path = HistoryTableViewCell.swift; sourceTree = "<group>"; };
/* End PBXFileReference section */

/* Begin PBXFrameworksBuildPhase section */
		94433DEA234FAA1E009C67B8 /* Frameworks */ = {
			isa = PBXFrameworksBuildPhase;
			buildActionMask = 2147483647;
			files = (
			);
			runOnlyForDeploymentPostprocessing = 0;
		};
		94433E03234FAA23009C67B8 /* Frameworks */ = {
			isa = PBXFrameworksBuildPhase;
			buildActionMask = 2147483647;
			files = (
			);
			runOnlyForDeploymentPostprocessing = 0;
		};
		94433E0E234FAA23009C67B8 /* Frameworks */ = {
			isa = PBXFrameworksBuildPhase;
			buildActionMask = 2147483647;
			files = (
			);
			runOnlyForDeploymentPostprocessing = 0;
		};
/* End PBXFrameworksBuildPhase section */

/* Begin PBXGroup section */
		94433DE4234FAA1E009C67B8 = {
			isa = PBXGroup;
			children = (
				94433DEF234FAA1E009C67B8 /* Trivia App */,
				94433E09234FAA23009C67B8 /* Trivia AppTests */,
				94433E14234FAA23009C67B8 /* Trivia AppUITests */,
				94433DEE234FAA1E009C67B8 /* Products */,
			);
			sourceTree = "<group>";
		};
		94433DEE234FAA1E009C67B8 /* Products */ = {
			isa = PBXGroup;
			children = (
				94433DED234FAA1E009C67B8 /* Trivia App.app */,
				94433E06234FAA23009C67B8 /* Trivia AppTests.xctest */,
				94433E11234FAA23009C67B8 /* Trivia AppUITests.xctest */,
			);
			name = Products;
			sourceTree = "<group>";
		};
		94433DEF234FAA1E009C67B8 /* Trivia App */ = {
			isa = PBXGroup;
			children = (
				94433E39234FB04B009C67B8 /* User+CoreDataClass.swift */,
				94433E3A234FB04B009C67B8 /* User+CoreDataProperties.swift */,
				94433DF0234FAA1E009C67B8 /* AppDelegate.swift */,
				94433DF2234FAA1E009C67B8 /* SceneDelegate.swift */,
				94433DF4234FAA1E009C67B8 /* ViewController.swift */,
				94433E2B234FAF16009C67B8 /* QandA.swift */,
				94433E2D234FAF22009C67B8 /* SummaryViewController.swift */,
				94433E2F234FAF2E009C67B8 /* HistoryViewController.swift */,
				94433DF6234FAA1E009C67B8 /* Main.storyboard */,
				94433E3D23501C94009C67B8 /* HistoryTableViewCell.swift */,
				94433E27234FADD0009C67B8 /* Question.swift */,
				94433E29234FADE8009C67B8 /* Game.swift */,
				94433DFC234FAA22009C67B8 /* Assets.xcassets */,
				94433DFE234FAA22009C67B8 /* LaunchScreen.storyboard */,
				94433E01234FAA22009C67B8 /* Info.plist */,
				94433DF9234FAA1E009C67B8 /* Trivia_App.xcdatamodeld */,
			);
			path = "Trivia App";
			sourceTree = "<group>";
		};
		94433E09234FAA23009C67B8 /* Trivia AppTests */ = {
			isa = PBXGroup;
			children = (
				94433E0A234FAA23009C67B8 /* Trivia_AppTests.swift */,
				94433E0C234FAA23009C67B8 /* Info.plist */,
			);
			path = "Trivia AppTests";
			sourceTree = "<group>";
		};
		94433E14234FAA23009C67B8 /* Trivia AppUITests */ = {
			isa = PBXGroup;
			children = (
				94433E15234FAA23009C67B8 /* Trivia_AppUITests.swift */,
				94433E17234FAA23009C67B8 /* Info.plist */,
			);
			path = "Trivia AppUITests";
			sourceTree = "<group>";
		};
/* End PBXGroup section */

/* Begin PBXNativeTarget section */
		94433DEC234FAA1E009C67B8 /* Trivia App */ = {
			isa = PBXNativeTarget;
			buildConfigurationList = 94433E1A234FAA23009C67B8 /* Build configuration list for PBXNativeTarget "Trivia App" */;
			buildPhases = (
				94433DE9234FAA1E009C67B8 /* Sources */,
				94433DEA234FAA1E009C67B8 /* Frameworks */,
				94433DEB234FAA1E009C67B8 /* Resources */,
			);
			buildRules = (
			);
			dependencies = (
			);
			name = "Trivia App";
			productName = "Trivia App";
			productReference = 94433DED234FAA1E009C67B8 /* Trivia App.app */;
			productType = "com.apple.product-type.application";
		};
		94433E05234FAA23009C67B8 /* Trivia AppTests */ = {
			isa = PBXNativeTarget;
			buildConfigurationList = 94433E1D234FAA23009C67B8 /* Build configuration list for PBXNativeTarget "Trivia AppTests" */;
			buildPhases = (
				94433E02234FAA23009C67B8 /* Sources */,
				94433E03234FAA23009C67B8 /* Frameworks */,
				94433E04234FAA23009C67B8 /* Resources */,
			);
			buildRules = (
			);
			dependencies = (
				94433E08234FAA23009C67B8 /* PBXTargetDependency */,
			);
			name = "Trivia AppTests";
			productName = "Trivia AppTests";
			productReference = 94433E06234FAA23009C67B8 /* Trivia AppTests.xctest */;
			productType = "com.apple.product-type.bundle.unit-test";
		};
		94433E10234FAA23009C67B8 /* Trivia AppUITests */ = {
			isa = PBXNativeTarget;
			buildConfigurationList = 94433E20234FAA23009C67B8 /* Build configuration list for PBXNativeTarget "Trivia AppUITests" */;
			buildPhases = (
				94433E0D234FAA23009C67B8 /* Sources */,
				94433E0E234FAA23009C67B8 /* Frameworks */,
				94433E0F234FAA23009C67B8 /* Resources */,
			);
			buildRules = (
			);
			dependencies = (
				94433E13234FAA23009C67B8 /* PBXTargetDependency */,
			);
			name = "Trivia AppUITests";
			productName = "Trivia AppUITests";
			productReference = 94433E11234FAA23009C67B8 /* Trivia AppUITests.xctest */;
			productType = "com.apple.product-type.bundle.ui-testing";
		};
/* End PBXNativeTarget section */

/* Begin PBXProject section */
		94433DE5234FAA1E009C67B8 /* Project object */ = {
			isa = PBXProject;
			attributes = {
				LastSwiftUpdateCheck = 1100;
				LastUpgradeCheck = 1100;
				ORGANIZATIONNAME = taptap;
				TargetAttributes = {
					94433DEC234FAA1E009C67B8 = {
						CreatedOnToolsVersion = 11.0;
					};
					94433E05234FAA23009C67B8 = {
						CreatedOnToolsVersion = 11.0;
						TestTargetID = 94433DEC234FAA1E009C67B8;
					};
					94433E10234FAA23009C67B8 = {
						CreatedOnToolsVersion = 11.0;
						TestTargetID = 94433DEC234FAA1E009C67B8;
					};
				};
			};
			buildConfigurationList = 94433DE8234FAA1E009C67B8 /* Build configuration list for PBXProject "Trivia App" */;
			compatibilityVersion = "Xcode 9.3";
			developmentRegion = en;
			hasScannedForEncodings = 0;
			knownRegions = (
				en,
				Base,
			);
			mainGroup = 94433DE4234FAA1E009C67B8;
			productRefGroup = 94433DEE234FAA1E009C67B8 /* Products */;
			projectDirPath = "";
			projectRoot = "";
			targets = (
				94433DEC234FAA1E009C67B8 /* Trivia App */,
				94433E05234FAA23009C67B8 /* Trivia AppTests */,
				94433E10234FAA23009C67B8 /* Trivia AppUITests */,
			);
		};
/* End PBXProject section */

/* Begin PBXResourcesBuildPhase section */
		94433DEB234FAA1E009C67B8 /* Resources */ = {
			isa = PBXResourcesBuildPhase;
			buildActionMask = 2147483647;
			files = (
				94433E00234FAA22009C67B8 /* LaunchScreen.storyboard in Resources */,
				94433DFD234FAA22009C67B8 /* Assets.xcassets in Resources */,
				94433DF8234FAA1E009C67B8 /* Main.storyboard in Resources */,
			);
			runOnlyForDeploymentPostprocessing = 0;
		};
		94433E04234FAA23009C67B8 /* Resources */ = {
			isa = PBXResourcesBuildPhase;
			buildActionMask = 2147483647;
			files = (
			);
			runOnlyForDeploymentPostprocessing = 0;
		};
		94433E0F234FAA23009C67B8 /* Resources */ = {
			isa = PBXResourcesBuildPhase;
			buildActionMask = 2147483647;
			files = (
			);
			runOnlyForDeploymentPostprocessing = 0;
		};
/* End PBXResourcesBuildPhase section */

/* Begin PBXSourcesBuildPhase section */
		94433DE9234FAA1E009C67B8 /* Sources */ = {
			isa = PBXSourcesBuildPhase;
			buildActionMask = 2147483647;
			files = (
				94433DF5234FAA1E009C67B8 /* ViewController.swift in Sources */,
				94433DF1234FAA1E009C67B8 /* AppDelegate.swift in Sources */,
				94433DFB234FAA1E009C67B8 /* Trivia_App.xcdatamodeld in Sources */,
				94433E2C234FAF16009C67B8 /* QandA.swift in Sources */,
				94433E3B234FB04B009C67B8 /* User+CoreDataClass.swift in Sources */,
				94433E30234FAF2E009C67B8 /* HistoryViewController.swift in Sources */,
				94433E3E23501C94009C67B8 /* HistoryTableViewCell.swift in Sources */,
				94433DF3234FAA1E009C67B8 /* SceneDelegate.swift in Sources */,
				94433E3C234FB04B009C67B8 /* User+CoreDataProperties.swift in Sources */,
				94433E28234FADD0009C67B8 /* Question.swift in Sources */,
				94433E2A234FADE8009C67B8 /* Game.swift in Sources */,
				94433E2E234FAF22009C67B8 /* SummaryViewController.swift in Sources */,
			);
			runOnlyForDeploymentPostprocessing = 0;
		};
		94433E02234FAA23009C67B8 /* Sources */ = {
			isa = PBXSourcesBuildPhase;
			buildActionMask = 2147483647;
			files = (
				94433E0B234FAA23009C67B8 /* Trivia_AppTests.swift in Sources */,
			);
			runOnlyForDeploymentPostprocessing = 0;
		};
		94433E0D234FAA23009C67B8 /* Sources */ = {
			isa = PBXSourcesBuildPhase;
			buildActionMask = 2147483647;
			files = (
				94433E16234FAA23009C67B8 /* Trivia_AppUITests.swift in Sources */,
			);
			runOnlyForDeploymentPostprocessing = 0;
		};
/* End PBXSourcesBuildPhase section */

/* Begin PBXTargetDependency section */
		94433E08234FAA23009C67B8 /* PBXTargetDependency */ = {
			isa = PBXTargetDependency;
			target = 94433DEC234FAA1E009C67B8 /* Trivia App */;
			targetProxy = 94433E07234FAA23009C67B8 /* PBXContainerItemProxy */;
		};
		94433E13234FAA23009C67B8 /* PBXTargetDependency */ = {
			isa = PBXTargetDependency;
			target = 94433DEC234FAA1E009C67B8 /* Trivia App */;
			targetProxy = 94433E12234FAA23009C67B8 /* PBXContainerItemProxy */;
		};
/* End PBXTargetDependency section */

/* Begin PBXVariantGroup section */
		94433DF6234FAA1E009C67B8 /* Main.storyboard */ = {
			isa = PBXVariantGroup;
			children = (
				94433DF7234FAA1E009C67B8 /* Base */,
			);
			name = Main.storyboard;
			sourceTree = "<group>";
		};
		94433DFE234FAA22009C67B8 /* LaunchScreen.storyboard */ = {
			isa = PBXVariantGroup;
			children = (
				94433DFF234FAA22009C67B8 /* Base */,
			);
			name = LaunchScreen.storyboard;
			sourceTree = "<group>";
		};
/* End PBXVariantGroup section */

/* Begin XCBuildConfiguration section */
		94433E18234FAA23009C67B8 /* Debug */ = {
			isa = XCBuildConfiguration;
			buildSettings = {
				ALWAYS_SEARCH_USER_PATHS = NO;
				CLANG_ANALYZER_NONNULL = YES;
				CLANG_ANALYZER_NUMBER_OBJECT_CONVERSION = YES_AGGRESSIVE;
				CLANG_CXX_LANGUAGE_STANDARD = "gnu++14";
				CLANG_CXX_LIBRARY = "libc++";
				CLANG_ENABLE_MODULES = YES;
				CLANG_ENABLE_OBJC_ARC = YES;
				CLANG_ENABLE_OBJC_WEAK = YES;
				CLANG_WARN_BLOCK_CAPTURE_AUTORELEASING = YES;
				CLANG_WARN_BOOL_CONVERSION = YES;
				CLANG_WARN_COMMA = YES;
				CLANG_WARN_CONSTANT_CONVERSION = YES;
				CLANG_WARN_DEPRECATED_OBJC_IMPLEMENTATIONS = YES;
				CLANG_WARN_DIRECT_OBJC_ISA_USAGE = YES_ERROR;
				CLANG_WARN_DOCUMENTATION_COMMENTS = YES;
				CLANG_WARN_EMPTY_BODY = YES;
				CLANG_WARN_ENUM_CONVERSION = YES;
				CLANG_WARN_INFINITE_RECURSION = YES;
				CLANG_WARN_INT_CONVERSION = YES;
				CLANG_WARN_NON_LITERAL_NULL_CONVERSION = YES;
				CLANG_WARN_OBJC_IMPLICIT_RETAIN_SELF = YES;
				CLANG_WARN_OBJC_LITERAL_CONVERSION = YES;
				CLANG_WARN_OBJC_ROOT_CLASS = YES_ERROR;
				CLANG_WARN_RANGE_LOOP_ANALYSIS = YES;
				CLANG_WARN_STRICT_PROTOTYPES = YES;
				CLANG_WARN_SUSPICIOUS_MOVE = YES;
				CLANG_WARN_UNGUARDED_AVAILABILITY = YES_AGGRESSIVE;
				CLANG_WARN_UNREACHABLE_CODE = YES;
				CLANG_WARN__DUPLICATE_METHOD_MATCH = YES;
				COPY_PHASE_STRIP = NO;
				DEBUG_INFORMATION_FORMAT = dwarf;
				ENABLE_STRICT_OBJC_MSGSEND = YES;
				ENABLE_TESTABILITY = YES;
				GCC_C_LANGUAGE_STANDARD = gnu11;
				GCC_DYNAMIC_NO_PIC = NO;
				GCC_NO_COMMON_BLOCKS = YES;
				GCC_OPTIMIZATION_LEVEL = 0;
				GCC_PREPROCESSOR_DEFINITIONS = (
					"DEBUG=1",
					"$(inherited)",
				);
				GCC_WARN_64_TO_32_BIT_CONVERSION = YES;
				GCC_WARN_ABOUT_RETURN_TYPE = YES_ERROR;
				GCC_WARN_UNDECLARED_SELECTOR = YES;
				GCC_WARN_UNINITIALIZED_AUTOS = YES_AGGRESSIVE;
				GCC_WARN_UNUSED_FUNCTION = YES;
				GCC_WARN_UNUSED_VARIABLE = YES;
				IPHONEOS_DEPLOYMENT_TARGET = 13.0;
				MTL_ENABLE_DEBUG_INFO = INCLUDE_SOURCE;
				MTL_FAST_MATH = YES;
				ONLY_ACTIVE_ARCH = YES;
				SDKROOT = iphoneos;
				SWIFT_ACTIVE_COMPILATION_CONDITIONS = DEBUG;
				SWIFT_OPTIMIZATION_LEVEL = "-Onone";
			};
			name = Debug;
		};
		94433E19234FAA23009C67B8 /* Release */ = {
			isa = XCBuildConfiguration;
			buildSettings = {
				ALWAYS_SEARCH_USER_PATHS = NO;
				CLANG_ANALYZER_NONNULL = YES;
				CLANG_ANALYZER_NUMBER_OBJECT_CONVERSION = YES_AGGRESSIVE;
				CLANG_CXX_LANGUAGE_STANDARD = "gnu++14";
				CLANG_CXX_LIBRARY = "libc++";
				CLANG_ENABLE_MODULES = YES;
				CLANG_ENABLE_OBJC_ARC = YES;
				CLANG_ENABLE_OBJC_WEAK = YES;
				CLANG_WARN_BLOCK_CAPTURE_AUTORELEASING = YES;
				CLANG_WARN_BOOL_CONVERSION = YES;
				CLANG_WARN_COMMA = YES;
				CLANG_WARN_CONSTANT_CONVERSION = YES;
				CLANG_WARN_DEPRECATED_OBJC_IMPLEMENTATIONS = YES;
				CLANG_WARN_DIRECT_OBJC_ISA_USAGE = YES_ERROR;
				CLANG_WARN_DOCUMENTATION_COMMENTS = YES;
				CLANG_WARN_EMPTY_BODY = YES;
				CLANG_WARN_ENUM_CONVERSION = YES;
				CLANG_WARN_INFINITE_RECURSION = YES;
				CLANG_WARN_INT_CONVERSION = YES;
				CLANG_WARN_NON_LITERAL_NULL_CONVERSION = YES;
				CLANG_WARN_OBJC_IMPLICIT_RETAIN_SELF = YES;
				CLANG_WARN_OBJC_LITERAL_CONVERSION = YES;
				CLANG_WARN_OBJC_ROOT_CLASS = YES_ERROR;
				CLANG_WARN_RANGE_LOOP_ANALYSIS = YES;
				CLANG_WARN_STRICT_PROTOTYPES = YES;
				CLANG_WARN_SUSPICIOUS_MOVE = YES;
				CLANG_WARN_UNGUARDED_AVAILABILITY = YES_AGGRESSIVE;
				CLANG_WARN_UNREACHABLE_CODE = YES;
				CLANG_WARN__DUPLICATE_METHOD_MATCH = YES;
				COPY_PHASE_STRIP = NO;
				DEBUG_INFORMATION_FORMAT = "dwarf-with-dsym";
				ENABLE_NS_ASSERTIONS = NO;
				ENABLE_STRICT_OBJC_MSGSEND = YES;
				GCC_C_LANGUAGE_STANDARD = gnu11;
				GCC_NO_COMMON_BLOCKS = YES;
				GCC_WARN_64_TO_32_BIT_CONVERSION = YES;
				GCC_WARN_ABOUT_RETURN_TYPE = YES_ERROR;
				GCC_WARN_UNDECLARED_SELECTOR = YES;
				GCC_WARN_UNINITIALIZED_AUTOS = YES_AGGRESSIVE;
				GCC_WARN_UNUSED_FUNCTION = YES;
				GCC_WARN_UNUSED_VARIABLE = YES;
				IPHONEOS_DEPLOYMENT_TARGET = 13.0;
				MTL_ENABLE_DEBUG_INFO = NO;
				MTL_FAST_MATH = YES;
				SDKROOT = iphoneos;
				SWIFT_COMPILATION_MODE = wholemodule;
				SWIFT_OPTIMIZATION_LEVEL = "-O";
				VALIDATE_PRODUCT = YES;
			};
			name = Release;
		};
		94433E1B234FAA23009C67B8 /* Debug */ = {
			isa = XCBuildConfiguration;
			buildSettings = {
				ASSETCATALOG_COMPILER_APPICON_NAME = AppIcon;
				CODE_SIGN_STYLE = Automatic;
				DEVELOPMENT_TEAM = 34928A9DUL;
				INFOPLIST_FILE = "Trivia App/Info.plist";
				LD_RUNPATH_SEARCH_PATHS = (
					"$(inherited)",
					"@executable_path/Frameworks",
				);
				PRODUCT_BUNDLE_IDENTIFIER = "taptap.Trivia-App";
				PRODUCT_NAME = "$(TARGET_NAME)";
				SWIFT_VERSION = 5.0;
				TARGETED_DEVICE_FAMILY = "1,2";
			};
			name = Debug;
		};
		94433E1C234FAA23009C67B8 /* Release */ = {
			isa = XCBuildConfiguration;
			buildSettings = {
				ASSETCATALOG_COMPILER_APPICON_NAME = AppIcon;
				CODE_SIGN_STYLE = Automatic;
				DEVELOPMENT_TEAM = 34928A9DUL;
				INFOPLIST_FILE = "Trivia App/Info.plist";
				LD_RUNPATH_SEARCH_PATHS = (
					"$(inherited)",
					"@executable_path/Frameworks",
				);
				PRODUCT_BUNDLE_IDENTIFIER = "taptap.Trivia-App";
				PRODUCT_NAME = "$(TARGET_NAME)";
				SWIFT_VERSION = 5.0;
				TARGETED_DEVICE_FAMILY = "1,2";
			};
			name = Release;
		};
		94433E1E234FAA23009C67B8 /* Debug */ = {
			isa = XCBuildConfiguration;
			buildSettings = {
				ALWAYS_EMBED_SWIFT_STANDARD_LIBRARIES = YES;
				BUNDLE_LOADER = "$(TEST_HOST)";
				CODE_SIGN_STYLE = Automatic;
				DEVELOPMENT_TEAM = 34928A9DUL;
				INFOPLIST_FILE = "Trivia AppTests/Info.plist";
				IPHONEOS_DEPLOYMENT_TARGET = 13.0;
				LD_RUNPATH_SEARCH_PATHS = (
					"$(inherited)",
					"@executable_path/Frameworks",
					"@loader_path/Frameworks",
				);
				PRODUCT_BUNDLE_IDENTIFIER = "taptap.Trivia-AppTests";
				PRODUCT_NAME = "$(TARGET_NAME)";
				SWIFT_VERSION = 5.0;
				TARGETED_DEVICE_FAMILY = "1,2";
				TEST_HOST = "$(BUILT_PRODUCTS_DIR)/Trivia App.app/Trivia App";
			};
			name = Debug;
		};
		94433E1F234FAA23009C67B8 /* Release */ = {
			isa = XCBuildConfiguration;
			buildSettings = {
				ALWAYS_EMBED_SWIFT_STANDARD_LIBRARIES = YES;
				BUNDLE_LOADER = "$(TEST_HOST)";
				CODE_SIGN_STYLE = Automatic;
				DEVELOPMENT_TEAM = 34928A9DUL;
				INFOPLIST_FILE = "Trivia AppTests/Info.plist";
				IPHONEOS_DEPLOYMENT_TARGET = 13.0;
				LD_RUNPATH_SEARCH_PATHS = (
					"$(inherited)",
					"@executable_path/Frameworks",
					"@loader_path/Frameworks",
				);
				PRODUCT_BUNDLE_IDENTIFIER = "taptap.Trivia-AppTests";
				PRODUCT_NAME = "$(TARGET_NAME)";
				SWIFT_VERSION = 5.0;
				TARGETED_DEVICE_FAMILY = "1,2";
				TEST_HOST = "$(BUILT_PRODUCTS_DIR)/Trivia App.app/Trivia App";
			};
			name = Release;
		};
		94433E21234FAA23009C67B8 /* Debug */ = {
			isa = XCBuildConfiguration;
			buildSettings = {
				ALWAYS_EMBED_SWIFT_STANDARD_LIBRARIES = YES;
				CODE_SIGN_STYLE = Automatic;
				DEVELOPMENT_TEAM = 34928A9DUL;
				INFOPLIST_FILE = "Trivia AppUITests/Info.plist";
				LD_RUNPATH_SEARCH_PATHS = (
					"$(inherited)",
					"@executable_path/Frameworks",
					"@loader_path/Frameworks",
				);
				PRODUCT_BUNDLE_IDENTIFIER = "taptap.Trivia-AppUITests";
				PRODUCT_NAME = "$(TARGET_NAME)";
				SWIFT_VERSION = 5.0;
				TARGETED_DEVICE_FAMILY = "1,2";
				TEST_TARGET_NAME = "Trivia App";
			};
			name = Debug;
		};
		94433E22234FAA23009C67B8 /* Release */ = {
			isa = XCBuildConfiguration;
			buildSettings = {
				ALWAYS_EMBED_SWIFT_STANDARD_LIBRARIES = YES;
				CODE_SIGN_STYLE = Automatic;
				DEVELOPMENT_TEAM = 34928A9DUL;
				INFOPLIST_FILE = "Trivia AppUITests/Info.plist";
				LD_RUNPATH_SEARCH_PATHS = (
					"$(inherited)",
					"@executable_path/Frameworks",
					"@loader_path/Frameworks",
				);
				PRODUCT_BUNDLE_IDENTIFIER = "taptap.Trivia-AppUITests";
				PRODUCT_NAME = "$(TARGET_NAME)";
				SWIFT_VERSION = 5.0;
				TARGETED_DEVICE_FAMILY = "1,2";
				TEST_TARGET_NAME = "Trivia App";
			};
			name = Release;
		};
/* End XCBuildConfiguration section */

/* Begin XCConfigurationList section */
		94433DE8234FAA1E009C67B8 /* Build configuration list for PBXProject "Trivia App" */ = {
			isa = XCConfigurationList;
			buildConfigurations = (
				94433E18234FAA23009C67B8 /* Debug */,
				94433E19234FAA23009C67B8 /* Release */,
			);
			defaultConfigurationIsVisible = 0;
			defaultConfigurationName = Release;
		};
		94433E1A234FAA23009C67B8 /* Build configuration list for PBXNativeTarget "Trivia App" */ = {
			isa = XCConfigurationList;
			buildConfigurations = (
				94433E1B234FAA23009C67B8 /* Debug */,
				94433E1C234FAA23009C67B8 /* Release */,
			);
			defaultConfigurationIsVisible = 0;
			defaultConfigurationName = Release;
		};
		94433E1D234FAA23009C67B8 /* Build configuration list for PBXNativeTarget "Trivia AppTests" */ = {
			isa = XCConfigurationList;
			buildConfigurations = (
				94433E1E234FAA23009C67B8 /* Debug */,
				94433E1F234FAA23009C67B8 /* Release */,
			);
			defaultConfigurationIsVisible = 0;
			defaultConfigurationName = Release;
		};
		94433E20234FAA23009C67B8 /* Build configuration list for PBXNativeTarget "Trivia AppUITests" */ = {
			isa = XCConfigurationList;
			buildConfigurations = (
				94433E21234FAA23009C67B8 /* Debug */,
				94433E22234FAA23009C67B8 /* Release */,
			);
			defaultConfigurationIsVisible = 0;
			defaultConfigurationName = Release;
		};
/* End XCConfigurationList section */

/* Begin XCVersionGroup section */
		94433DF9234FAA1E009C67B8 /* Trivia_App.xcdatamodeld */ = {
			isa = XCVersionGroup;
			children = (
				94433DFA234FAA1E009C67B8 /* Trivia_App.xcdatamodel */,
			);
			currentVersion = 94433DFA234FAA1E009C67B8 /* Trivia_App.xcdatamodel */;
			path = Trivia_App.xcdatamodeld;
			sourceTree = "<group>";
			versionGroupType = wrapper.xcdatamodel;
		};
/* End XCVersionGroup section */
	};
	rootObject = 94433DE5234FAA1E009C67B8 /* Project object */;
}
